// !$*UTF8*$!
{
	archiveVersion = 1;
	classes = {
	};
	objectVersion = 56;
	objects = {

/* Begin PBXBuildFile section */
		279AB41D2929B46F00133CCD /* MyToDoListApp.swift in Sources */ = {isa = PBXBuildFile; fileRef = 279AB41C2929B46F00133CCD /* MyToDoListApp.swift */; };
		279AB41F2929B46F00133CCD /* ContentView.swift in Sources */ = {isa = PBXBuildFile; fileRef = 279AB41E2929B46F00133CCD /* ContentView.swift */; };
		279AB4212929B47000133CCD /* Assets.xcassets in Resources */ = {isa = PBXBuildFile; fileRef = 279AB4202929B47000133CCD /* Assets.xcassets */; };
		279AB4242929B47000133CCD /* Preview Assets.xcassets in Resources */ = {isa = PBXBuildFile; fileRef = 279AB4232929B47000133CCD /* Preview Assets.xcassets */; };
		279AB42E2929B47000133CCD /* MyToDoListTests.swift in Sources */ = {isa = PBXBuildFile; fileRef = 279AB42D2929B47000133CCD /* MyToDoListTests.swift */; };
		279AB4382929B47000133CCD /* MyToDoListUITests.swift in Sources */ = {isa = PBXBuildFile; fileRef = 279AB4372929B47000133CCD /* MyToDoListUITests.swift */; };
		279AB43A2929B47000133CCD /* MyToDoListUITestsLaunchTests.swift in Sources */ = {isa = PBXBuildFile; fileRef = 279AB4392929B47000133CCD /* MyToDoListUITestsLaunchTests.swift */; };
		27C1D44F292CBA7A000287B1 /* UserData.swift in Sources */ = {isa = PBXBuildFile; fileRef = 27C1D44E292CBA7A000287B1 /* UserData.swift */; };
/* End PBXBuildFile section */

/* Begin PBXContainerItemProxy section */
		279AB42A2929B47000133CCD /* PBXContainerItemProxy */ = {
			isa = PBXContainerItemProxy;
			containerPortal = 279AB4112929B46E00133CCD /* Project object */;
			proxyType = 1;
			remoteGlobalIDString = 279AB4182929B46E00133CCD;
			remoteInfo = MyToDoList;
		};
		279AB4342929B47000133CCD /* PBXContainerItemProxy */ = {
			isa = PBXContainerItemProxy;
			containerPortal = 279AB4112929B46E00133CCD /* Project object */;
			proxyType = 1;
			remoteGlobalIDString = 279AB4182929B46E00133CCD;
			remoteInfo = MyToDoList;
		};
/* End PBXContainerItemProxy section */

/* Begin PBXFileReference section */
		279AB4192929B46E00133CCD /* MyToDoList.app */ = {isa = PBXFileReference; explicitFileType = wrapper.application; includeInIndex = 0; path = MyToDoList.app; sourceTree = BUILT_PRODUCTS_DIR; };
		279AB41C2929B46F00133CCD /* MyToDoListApp.swift */ = {isa = PBXFileReference; lastKnownFileType = sourcecode.swift; path = MyToDoListApp.swift; sourceTree = "<group>"; };
		279AB41E2929B46F00133CCD /* ContentView.swift */ = {isa = PBXFileReference; lastKnownFileType = sourcecode.swift; path = ContentView.swift; sourceTree = "<group>"; };
		279AB4202929B47000133CCD /* Assets.xcassets */ = {isa = PBXFileReference; lastKnownFileType = folder.assetcatalog; path = Assets.xcassets; sourceTree = "<group>"; };
		279AB4232929B47000133CCD /* Preview Assets.xcassets */ = {isa = PBXFileReference; lastKnownFileType = folder.assetcatalog; path = "Preview Assets.xcassets"; sourceTree = "<group>"; };
		279AB4292929B47000133CCD /* MyToDoListTests.xctest */ = {isa = PBXFileReference; explicitFileType = wrapper.cfbundle; includeInIndex = 0; path = MyToDoListTests.xctest; sourceTree = BUILT_PRODUCTS_DIR; };
		279AB42D2929B47000133CCD /* MyToDoListTests.swift */ = {isa = PBXFileReference; lastKnownFileType = sourcecode.swift; path = MyToDoListTests.swift; sourceTree = "<group>"; };
		279AB4332929B47000133CCD /* MyToDoListUITests.xctest */ = {isa = PBXFileReference; explicitFileType = wrapper.cfbundle; includeInIndex = 0; path = MyToDoListUITests.xctest; sourceTree = BUILT_PRODUCTS_DIR; };
		279AB4372929B47000133CCD /* MyToDoListUITests.swift */ = {isa = PBXFileReference; lastKnownFileType = sourcecode.swift; path = MyToDoListUITests.swift; sourceTree = "<group>"; };
		279AB4392929B47000133CCD /* MyToDoListUITestsLaunchTests.swift */ = {isa = PBXFileReference; lastKnownFileType = sourcecode.swift; path = MyToDoListUITestsLaunchTests.swift; sourceTree = "<group>"; };
		27C1D44E292CBA7A000287B1 /* UserData.swift */ = {isa = PBXFileReference; lastKnownFileType = sourcecode.swift; path = UserData.swift; sourceTree = "<group>"; };
/* End PBXFileReference section */

/* Begin PBXFrameworksBuildPhase section */
		279AB4162929B46E00133CCD /* Frameworks */ = {
			isa = PBXFrameworksBuildPhase;
			buildActionMask = 2147483647;
			files = (
			);
			runOnlyForDeploymentPostprocessing = 0;
		};
		279AB4262929B47000133CCD /* Frameworks */ = {
			isa = PBXFrameworksBuildPhase;
			buildActionMask = 2147483647;
			files = (
			);
			runOnlyForDeploymentPostprocessing = 0;
		};
		279AB4302929B47000133CCD /* Frameworks */ = {
			isa = PBXFrameworksBuildPhase;
			buildActionMask = 2147483647;
			files = (
			);
			runOnlyForDeploymentPostprocessing = 0;
		};
/* End PBXFrameworksBuildPhase section */

/* Begin PBXGroup section */
		279AB4102929B46E00133CCD = {
			isa = PBXGroup;
			children = (
				279AB41B2929B46E00133CCD /* MyToDoList */,
				279AB42C2929B47000133CCD /* MyToDoListTests */,
				279AB4362929B47000133CCD /* MyToDoListUITests */,
				279AB41A2929B46E00133CCD /* Products */,
			);
			sourceTree = "<group>";
		};
		279AB41A2929B46E00133CCD /* Products */ = {
			isa = PBXGroup;
			children = (
				279AB4192929B46E00133CCD /* MyToDoList.app */,
				279AB4292929B47000133CCD /* MyToDoListTests.xctest */,
				279AB4332929B47000133CCD /* MyToDoListUITests.xctest */,
			);
			name = Products;
			sourceTree = "<group>";
		};
		279AB41B2929B46E00133CCD /* MyToDoList */ = {
			isa = PBXGroup;
			children = (
				279AB41C2929B46F00133CCD /* MyToDoListApp.swift */,
				279AB41E2929B46F00133CCD /* ContentView.swift */,
				27C1D44E292CBA7A000287B1 /* UserData.swift */,
				279AB4202929B47000133CCD /* Assets.xcassets */,
				279AB4222929B47000133CCD /* Preview Content */,
			);
			path = MyToDoList;
			sourceTree = "<group>";
		};
		279AB4222929B47000133CCD /* Preview Content */ = {
			isa = PBXGroup;
			children = (
				279AB4232929B47000133CCD /* Preview Assets.xcassets */,
			);
			path = "Preview Content";
			sourceTree = "<group>";
		};
		279AB42C2929B47000133CCD /* MyToDoListTests */ = {
			isa = PBXGroup;
			children = (
				279AB42D2929B47000133CCD /* MyToDoListTests.swift */,
			);
			path = MyToDoListTests;
			sourceTree = "<group>";
		};
		279AB4362929B47000133CCD /* MyToDoListUITests */ = {
			isa = PBXGroup;
			children = (
				279AB4372929B47000133CCD /* MyToDoListUITests.swift */,
				279AB4392929B47000133CCD /* MyToDoListUITestsLaunchTests.swift */,
			);
			path = MyToDoListUITests;
			sourceTree = "<group>";
		};
/* End PBXGroup section */

/* Begin PBXNativeTarget section */
		279AB4182929B46E00133CCD /* MyToDoList */ = {
			isa = PBXNativeTarget;
			buildConfigurationList = 279AB43D2929B47000133CCD /* Build configuration list for PBXNativeTarget "MyToDoList" */;
			buildPhases = (
				279AB4152929B46E00133CCD /* Sources */,
				279AB4162929B46E00133CCD /* Frameworks */,
				279AB4172929B46E00133CCD /* Resources */,
			);
			buildRules = (
			);
			dependencies = (
			);
			name = MyToDoList;
			productName = MyToDoList;
			productReference = 279AB4192929B46E00133CCD /* MyToDoList.app */;
			productType = "com.apple.product-type.application";
		};
		279AB4282929B47000133CCD /* MyToDoListTests */ = {
			isa = PBXNativeTarget;
			buildConfigurationList = 279AB4402929B47000133CCD /* Build configuration list for PBXNativeTarget "MyToDoListTests" */;
			buildPhases = (
				279AB4252929B47000133CCD /* Sources */,
				279AB4262929B47000133CCD /* Frameworks */,
				279AB4272929B47000133CCD /* Resources */,
			);
			buildRules = (
			);
			dependencies = (
				279AB42B2929B47000133CCD /* PBXTargetDependency */,
			);
			name = MyToDoListTests;
			productName = MyToDoListTests;
			productReference = 279AB4292929B47000133CCD /* MyToDoListTests.xctest */;
			productType = "com.apple.product-type.bundle.unit-test";
		};
		279AB4322929B47000133CCD /* MyToDoListUITests */ = {
			isa = PBXNativeTarget;
			buildConfigurationList = 279AB4432929B47000133CCD /* Build configuration list for PBXNativeTarget "MyToDoListUITests" */;
			buildPhases = (
				279AB42F2929B47000133CCD /* Sources */,
				279AB4302929B47000133CCD /* Frameworks */,
				279AB4312929B47000133CCD /* Resources */,
			);
			buildRules = (
			);
			dependencies = (
				279AB4352929B47000133CCD /* PBXTargetDependency */,
			);
			name = MyToDoListUITests;
			productName = MyToDoListUITests;
			productReference = 279AB4332929B47000133CCD /* MyToDoListUITests.xctest */;
			productType = "com.apple.product-type.bundle.ui-testing";
		};
/* End PBXNativeTarget section */

/* Begin PBXProject section */
		279AB4112929B46E00133CCD /* Project object */ = {
			isa = PBXProject;
			attributes = {
				BuildIndependentTargetsInParallel = 1;
				LastSwiftUpdateCheck = 1410;
				LastUpgradeCheck = 1410;
				TargetAttributes = {
					279AB4182929B46E00133CCD = {
						CreatedOnToolsVersion = 14.1;
					};
					279AB4282929B47000133CCD = {
						CreatedOnToolsVersion = 14.1;
						TestTargetID = 279AB4182929B46E00133CCD;
					};
					279AB4322929B47000133CCD = {
						CreatedOnToolsVersion = 14.1;
						TestTargetID = 279AB4182929B46E00133CCD;
					};
				};
			};
			buildConfigurationList = 279AB4142929B46E00133CCD /* Build configuration list for PBXProject "MyToDoList" */;
			compatibilityVersion = "Xcode 14.0";
			developmentRegion = en;
			hasScannedForEncodings = 0;
			knownRegions = (
				en,
				Base,
			);
			mainGroup = 279AB4102929B46E00133CCD;
			productRefGroup = 279AB41A2929B46E00133CCD /* Products */;
			projectDirPath = "";
			projectRoot = "";
			targets = (
				279AB4182929B46E00133CCD /* MyToDoList */,
				279AB4282929B47000133CCD /* MyToDoListTests */,
				279AB4322929B47000133CCD /* MyToDoListUITests */,
			);
		};
/* End PBXProject section */

/* Begin PBXResourcesBuildPhase section */
		279AB4172929B46E00133CCD /* Resources */ = {
			isa = PBXResourcesBuildPhase;
			buildActionMask = 2147483647;
			files = (
				279AB4242929B47000133CCD /* Preview Assets.xcassets in Resources */,
				279AB4212929B47000133CCD /* Assets.xcassets in Resources */,
			);
			runOnlyForDeploymentPostprocessing = 0;
		};
		279AB4272929B47000133CCD /* Resources */ = {
			isa = PBXResourcesBuildPhase;
			buildActionMask = 2147483647;
			files = (
			);
			runOnlyForDeploymentPostprocessing = 0;
		};
		279AB4312929B47000133CCD /* Resources */ = {
			isa = PBXResourcesBuildPhase;
			buildActionMask = 2147483647;
			files = (
			);
			runOnlyForDeploymentPostprocessing = 0;
		};
/* End PBXResourcesBuildPhase section */

/* Begin PBXSourcesBuildPhase section */
		279AB4152929B46E00133CCD /* Sources */ = {
			isa = PBXSourcesBuildPhase;
			buildActionMask = 2147483647;
			files = (
				27C1D44F292CBA7A000287B1 /* UserData.swift in Sources */,
				279AB41F2929B46F00133CCD /* ContentView.swift in Sources */,
				279AB41D2929B46F00133CCD /* MyToDoListApp.swift in Sources */,
			);
			runOnlyForDeploymentPostprocessing = 0;
		};
		279AB4252929B47000133CCD /* Sources */ = {
			isa = PBXSourcesBuildPhase;
			buildActionMask = 2147483647;
			files = (
				279AB42E2929B47000133CCD /* MyToDoListTests.swift in Sources */,
			);
			runOnlyForDeploymentPostprocessing = 0;
		};
		279AB42F2929B47000133CCD /* Sources */ = {
			isa = PBXSourcesBuildPhase;
			buildActionMask = 2147483647;
			files = (
				279AB43A2929B47000133CCD /* MyToDoListUITestsLaunchTests.swift in Sources */,
				279AB4382929B47000133CCD /* MyToDoListUITests.swift in Sources */,
			);
			runOnlyForDeploymentPostprocessing = 0;
		};
/* End PBXSourcesBuildPhase section */

/* Begin PBXTargetDependency section */
		279AB42B2929B47000133CCD /* PBXTargetDependency */ = {
			isa = PBXTargetDependency;
			target = 279AB4182929B46E00133CCD /* MyToDoList */;
			targetProxy = 279AB42A2929B47000133CCD /* PBXContainerItemProxy */;
		};
		279AB4352929B47000133CCD /* PBXTargetDependency */ = {
			isa = PBXTargetDependency;
			target = 279AB4182929B46E00133CCD /* MyToDoList */;
			targetProxy = 279AB4342929B47000133CCD /* PBXContainerItemProxy */;
		};
/* End PBXTargetDependency section */

/* Begin XCBuildConfiguration section */
		279AB43B2929B47000133CCD /* Debug */ = {
			isa = XCBuildConfiguration;
			buildSettings = {
				ALWAYS_SEARCH_USER_PATHS = NO;
				CLANG_ANALYZER_NONNULL = YES;
				CLANG_ANALYZER_NUMBER_OBJECT_CONVERSION = YES_AGGRESSIVE;
				CLANG_CXX_LANGUAGE_STANDARD = "gnu++20";
				CLANG_ENABLE_MODULES = YES;
				CLANG_ENABLE_OBJC_ARC = YES;
				CLANG_ENABLE_OBJC_WEAK = YES;
				CLANG_WARN_BLOCK_CAPTURE_AUTORELEASING = YES;
				CLANG_WARN_BOOL_CONVERSION = YES;
				CLANG_WARN_COMMA = YES;
				CLANG_WARN_CONSTANT_CONVERSION = YES;
				CLANG_WARN_DEPRECATED_OBJC_IMPLEMENTATIONS = YES;
				CLANG_WARN_DIRECT_OBJC_ISA_USAGE = YES_ERROR;
				CLANG_WARN_DOCUMENTATION_COMMENTS = YES;
				CLANG_WARN_EMPTY_BODY = YES;
				CLANG_WARN_ENUM_CONVERSION = YES;
				CLANG_WARN_INFINITE_RECURSION = YES;
				CLANG_WARN_INT_CONVERSION = YES;
				CLANG_WARN_NON_LITERAL_NULL_CONVERSION = YES;
				CLANG_WARN_OBJC_IMPLICIT_RETAIN_SELF = YES;
				CLANG_WARN_OBJC_LITERAL_CONVERSION = YES;
				CLANG_WARN_OBJC_ROOT_CLASS = YES_ERROR;
				CLANG_WARN_QUOTED_INCLUDE_IN_FRAMEWORK_HEADER = YES;
				CLANG_WARN_RANGE_LOOP_ANALYSIS = YES;
				CLANG_WARN_STRICT_PROTOTYPES = YES;
				CLANG_WARN_SUSPICIOUS_MOVE = YES;
				CLANG_WARN_UNGUARDED_AVAILABILITY = YES_AGGRESSIVE;
				CLANG_WARN_UNREACHABLE_CODE = YES;
				CLANG_WARN__DUPLICATE_METHOD_MATCH = YES;
				COPY_PHASE_STRIP = NO;
				DEBUG_INFORMATION_FORMAT = dwarf;
				ENABLE_STRICT_OBJC_MSGSEND = YES;
				ENABLE_TESTABILITY = YES;
				GCC_C_LANGUAGE_STANDARD = gnu11;
				GCC_DYNAMIC_NO_PIC = NO;
				GCC_NO_COMMON_BLOCKS = YES;
				GCC_OPTIMIZATION_LEVEL = 0;
				GCC_PREPROCESSOR_DEFINITIONS = (
					"DEBUG=1",
					"$(inherited)",
				);
				GCC_WARN_64_TO_32_BIT_CONVERSION = YES;
				GCC_WARN_ABOUT_RETURN_TYPE = YES_ERROR;
				GCC_WARN_UNDECLARED_SELECTOR = YES;
				GCC_WARN_UNINITIALIZED_AUTOS = YES_AGGRESSIVE;
				GCC_WARN_UNUSED_FUNCTION = YES;
				GCC_WARN_UNUSED_VARIABLE = YES;
				IPHONEOS_DEPLOYMENT_TARGET = 16.1;
				MTL_ENABLE_DEBUG_INFO = INCLUDE_SOURCE;
				MTL_FAST_MATH = YES;
				ONLY_ACTIVE_ARCH = YES;
				SDKROOT = iphoneos;
				SWIFT_ACTIVE_COMPILATION_CONDITIONS = DEBUG;
				SWIFT_OPTIMIZATION_LEVEL = "-Onone";
			};
			name = Debug;
		};
		279AB43C2929B47000133CCD /* Release */ = {
			isa = XCBuildConfiguration;
			buildSettings = {
				ALWAYS_SEARCH_USER_PATHS = NO;
				CLANG_ANALYZER_NONNULL = YES;
				CLANG_ANALYZER_NUMBER_OBJECT_CONVERSION = YES_AGGRESSIVE;
				CLANG_CXX_LANGUAGE_STANDARD = "gnu++20";
				CLANG_ENABLE_MODULES = YES;
				CLANG_ENABLE_OBJC_ARC = YES;
				CLANG_ENABLE_OBJC_WEAK = YES;
				CLANG_WARN_BLOCK_CAPTURE_AUTORELEASING = YES;
				CLANG_WARN_BOOL_CONVERSION = YES;
				CLANG_WARN_COMMA = YES;
				CLANG_WARN_CONSTANT_CONVERSION = YES;
				CLANG_WARN_DEPRECATED_OBJC_IMPLEMENTATIONS = YES;
				CLANG_WARN_DIRECT_OBJC_ISA_USAGE = YES_ERROR;
				CLANG_WARN_DOCUMENTATION_COMMENTS = YES;
				CLANG_WARN_EMPTY_BODY = YES;
				CLANG_WARN_ENUM_CONVERSION = YES;
				CLANG_WARN_INFINITE_RECURSION = YES;
				CLANG_WARN_INT_CONVERSION = YES;
				CLANG_WARN_NON_LITERAL_NULL_CONVERSION = YES;
				CLANG_WARN_OBJC_IMPLICIT_RETAIN_SELF = YES;
				CLANG_WARN_OBJC_LITERAL_CONVERSION = YES;
				CLANG_WARN_OBJC_ROOT_CLASS = YES_ERROR;
				CLANG_WARN_QUOTED_INCLUDE_IN_FRAMEWORK_HEADER = YES;
				CLANG_WARN_RANGE_LOOP_ANALYSIS = YES;
				CLANG_WARN_STRICT_PROTOTYPES = YES;
				CLANG_WARN_SUSPICIOUS_MOVE = YES;
				CLANG_WARN_UNGUARDED_AVAILABILITY = YES_AGGRESSIVE;
				CLANG_WARN_UNREACHABLE_CODE = YES;
				CLANG_WARN__DUPLICATE_METHOD_MATCH = YES;
				COPY_PHASE_STRIP = NO;
				DEBUG_INFORMATION_FORMAT = "dwarf-with-dsym";
				ENABLE_NS_ASSERTIONS = NO;
				ENABLE_STRICT_OBJC_MSGSEND = YES;
				GCC_C_LANGUAGE_STANDARD = gnu11;
				GCC_NO_COMMON_BLOCKS = YES;
				GCC_WARN_64_TO_32_BIT_CONVERSION = YES;
				GCC_WARN_ABOUT_RETURN_TYPE = YES_ERROR;
				GCC_WARN_UNDECLARED_SELECTOR = YES;
				GCC_WARN_UNINITIALIZED_AUTOS = YES_AGGRESSIVE;
				GCC_WARN_UNUSED_FUNCTION = YES;
				GCC_WARN_UNUSED_VARIABLE = YES;
				IPHONEOS_DEPLOYMENT_TARGET = 16.1;
				MTL_ENABLE_DEBUG_INFO = NO;
				MTL_FAST_MATH = YES;
				SDKROOT = iphoneos;
				SWIFT_COMPILATION_MODE = wholemodule;
				SWIFT_OPTIMIZATION_LEVEL = "-O";
				VALIDATE_PRODUCT = YES;
			};
			name = Release;
		};
		279AB43E2929B47000133CCD /* Debug */ = {
			isa = XCBuildConfiguration;
			buildSettings = {
				ASSETCATALOG_COMPILER_APPICON_NAME = AppIcon;
				ASSETCATALOG_COMPILER_GLOBAL_ACCENT_COLOR_NAME = AccentColor;
				CODE_SIGN_STYLE = Automatic;
				CURRENT_PROJECT_VERSION = 1;
				DEVELOPMENT_ASSET_PATHS = "\"MyToDoList/Preview Content\"";
				ENABLE_PREVIEWS = YES;
				GENERATE_INFOPLIST_FILE = YES;
				INFOPLIST_KEY_UIApplicationSceneManifest_Generation = YES;
				INFOPLIST_KEY_UIApplicationSupportsIndirectInputEvents = YES;
				INFOPLIST_KEY_UILaunchScreen_Generation = YES;
				INFOPLIST_KEY_UISupportedInterfaceOrientations_iPad = "UIInterfaceOrientationPortrait UIInterfaceOrientationPortraitUpsideDown UIInterfaceOrientationLandscapeLeft UIInterfaceOrientationLandscapeRight";
				INFOPLIST_KEY_UISupportedInterfaceOrientations_iPhone = "UIInterfaceOrientationPortrait UIInterfaceOrientationLandscapeLeft UIInterfaceOrientationLandscapeRight";
				LD_RUNPATH_SEARCH_PATHS = (
					"$(inherited)",
					"@executable_path/Frameworks",
				);
				MARKETING_VERSION = 1.0;
				PRODUCT_BUNDLE_IDENTIFIER = com.example.todolisttutorial.MyToDoList;
				PRODUCT_NAME = "$(TARGET_NAME)";
				SWIFT_EMIT_LOC_STRINGS = YES;
				SWIFT_VERSION = 5.0;
				TARGETED_DEVICE_FAMILY = "1,2";
			};
			name = Debug;
		};
		279AB43F2929B47000133CCD /* Release */ = {
			isa = XCBuildConfiguration;
			buildSettings = {
				ASSETCATALOG_COMPILER_APPICON_NAME = AppIcon;
				ASSETCATALOG_COMPILER_GLOBAL_ACCENT_COLOR_NAME = AccentColor;
				CODE_SIGN_STYLE = Automatic;
				CURRENT_PROJECT_VERSION = 1;
				DEVELOPMENT_ASSET_PATHS = "\"MyToDoList/Preview Content\"";
				ENABLE_PREVIEWS = YES;
				GENERATE_INFOPLIST_FILE = YES;
				INFOPLIST_KEY_UIApplicationSceneManifest_Generation = YES;
				INFOPLIST_KEY_UIApplicationSupportsIndirectInputEvents = YES;
				INFOPLIST_KEY_UILaunchScreen_Generation = YES;
				INFOPLIST_KEY_UISupportedInterfaceOrientations_iPad = "UIInterfaceOrientationPortrait UIInterfaceOrientationPortraitUpsideDown UIInterfaceOrientationLandscapeLeft UIInterfaceOrientationLandscapeRight";
				INFOPLIST_KEY_UISupportedInterfaceOrientations_iPhone = "UIInterfaceOrientationPortrait UIInterfaceOrientationLandscapeLeft UIInterfaceOrientationLandscapeRight";
				LD_RUNPATH_SEARCH_PATHS = (
					"$(inherited)",
					"@executable_path/Frameworks",
				);
				MARKETING_VERSION = 1.0;
				PRODUCT_BUNDLE_IDENTIFIER = com.example.todolisttutorial.MyToDoList;
				PRODUCT_NAME = "$(TARGET_NAME)";
				SWIFT_EMIT_LOC_STRINGS = YES;
				SWIFT_VERSION = 5.0;
				TARGETED_DEVICE_FAMILY = "1,2";
			};
			name = Release;
		};
		279AB4412929B47000133CCD /* Debug */ = {
			isa = XCBuildConfiguration;
			buildSettings = {
				ALWAYS_EMBED_SWIFT_STANDARD_LIBRARIES = YES;
				BUNDLE_LOADER = "$(TEST_HOST)";
				CODE_SIGN_STYLE = Automatic;
				CURRENT_PROJECT_VERSION = 1;
				GENERATE_INFOPLIST_FILE = YES;
				IPHONEOS_DEPLOYMENT_TARGET = 16.1;
				MARKETING_VERSION = 1.0;
				PRODUCT_BUNDLE_IDENTIFIER = com.example.todolisttutorial.MyToDoListTests;
				PRODUCT_NAME = "$(TARGET_NAME)";
				SWIFT_EMIT_LOC_STRINGS = NO;
				SWIFT_VERSION = 5.0;
				TARGETED_DEVICE_FAMILY = "1,2";
				TEST_HOST = "$(BUILT_PRODUCTS_DIR)/MyToDoList.app/$(BUNDLE_EXECUTABLE_FOLDER_PATH)/MyToDoList";
			};
			name = Debug;
		};
		279AB4422929B47000133CCD /* Release */ = {
			isa = XCBuildConfiguration;
			buildSettings = {
				ALWAYS_EMBED_SWIFT_STANDARD_LIBRARIES = YES;
				BUNDLE_LOADER = "$(TEST_HOST)";
				CODE_SIGN_STYLE = Automatic;
				CURRENT_PROJECT_VERSION = 1;
				GENERATE_INFOPLIST_FILE = YES;
				IPHONEOS_DEPLOYMENT_TARGET = 16.1;
				MARKETING_VERSION = 1.0;
				PRODUCT_BUNDLE_IDENTIFIER = com.example.todolisttutorial.MyToDoListTests;
				PRODUCT_NAME = "$(TARGET_NAME)";
				SWIFT_EMIT_LOC_STRINGS = NO;
				SWIFT_VERSION = 5.0;
				TARGETED_DEVICE_FAMILY = "1,2";
				TEST_HOST = "$(BUILT_PRODUCTS_DIR)/MyToDoList.app/$(BUNDLE_EXECUTABLE_FOLDER_PATH)/MyToDoList";
			};
			name = Release;
		};
		279AB4442929B47000133CCD /* Debug */ = {
			isa = XCBuildConfiguration;
			buildSettings = {
				ALWAYS_EMBED_SWIFT_STANDARD_LIBRARIES = YES;
				CODE_SIGN_STYLE = Automatic;
				CURRENT_PROJECT_VERSION = 1;
				GENERATE_INFOPLIST_FILE = YES;
				MARKETING_VERSION = 1.0;
				PRODUCT_BUNDLE_IDENTIFIER = com.example.todolisttutorial.MyToDoListUITests;
				PRODUCT_NAME = "$(TARGET_NAME)";
				SWIFT_EMIT_LOC_STRINGS = NO;
				SWIFT_VERSION = 5.0;
				TARGETED_DEVICE_FAMILY = "1,2";
				TEST_TARGET_NAME = MyToDoList;
			};
			name = Debug;
		};
		279AB4452929B47000133CCD /* Release */ = {
			isa = XCBuildConfiguration;
			buildSettings = {
				ALWAYS_EMBED_SWIFT_STANDARD_LIBRARIES = YES;
				CODE_SIGN_STYLE = Automatic;
				CURRENT_PROJECT_VERSION = 1;
				GENERATE_INFOPLIST_FILE = YES;
				MARKETING_VERSION = 1.0;
				PRODUCT_BUNDLE_IDENTIFIER = com.example.todolisttutorial.MyToDoListUITests;
				PRODUCT_NAME = "$(TARGET_NAME)";
				SWIFT_EMIT_LOC_STRINGS = NO;
				SWIFT_VERSION = 5.0;
				TARGETED_DEVICE_FAMILY = "1,2";
				TEST_TARGET_NAME = MyToDoList;
			};
			name = Release;
		};
/* End XCBuildConfiguration section */

/* Begin XCConfigurationList section */
		279AB4142929B46E00133CCD /* Build configuration list for PBXProject "MyToDoList" */ = {
			isa = XCConfigurationList;
			buildConfigurations = (
				279AB43B2929B47000133CCD /* Debug */,
				279AB43C2929B47000133CCD /* Release */,
			);
			defaultConfigurationIsVisible = 0;
			defaultConfigurationName = Release;
		};
		279AB43D2929B47000133CCD /* Build configuration list for PBXNativeTarget "MyToDoList" */ = {
			isa = XCConfigurationList;
			buildConfigurations = (
				279AB43E2929B47000133CCD /* Debug */,
				279AB43F2929B47000133CCD /* Release */,
			);
			defaultConfigurationIsVisible = 0;
			defaultConfigurationName = Release;
		};
		279AB4402929B47000133CCD /* Build configuration list for PBXNativeTarget "MyToDoListTests" */ = {
			isa = XCConfigurationList;
			buildConfigurations = (
				279AB4412929B47000133CCD /* Debug */,
				279AB4422929B47000133CCD /* Release */,
			);
			defaultConfigurationIsVisible = 0;
			defaultConfigurationName = Release;
		};
		279AB4432929B47000133CCD /* Build configuration list for PBXNativeTarget "MyToDoListUITests" */ = {
			isa = XCConfigurationList;
			buildConfigurations = (
				279AB4442929B47000133CCD /* Debug */,
				279AB4452929B47000133CCD /* Release */,
			);
			defaultConfigurationIsVisible = 0;
			defaultConfigurationName = Release;
		};
/* End XCConfigurationList section */
	};
	rootObject = 279AB4112929B46E00133CCD /* Project object */;
}
